
Microsoft Visual Studio Solution File, Format Version 12.00
# Visual Studio Version 16
VisualStudioVersion = 16.0.30615.102
MinimumVisualStudioVersion = 10.0.40219.1
Project("{FAE04EC0-301F-11D3-BF4B-00C04F79EFBC}") = "MediaCaptureWpfXamlIslands", "MediaCaptureWpfXamlIslands\MediaCaptureWpfXamlIslands.csproj", "{F836BA54-060E-422B-A6F8-7F291551947A}"
EndProject
Project("{FAE04EC0-301F-11D3-BF4B-00C04F79EFBC}") = "MediaCaptureWpfCustomControl", "MediaCaptureWpfCustomControl\MediaCaptureWpfCustomControl.csproj", "{871109B6-02D9-4AF8-88AF-FD7D9652C66C}"
EndProject
Global
	GlobalSection(SolutionConfigurationPlatforms) = preSolution
		Debug|Any CPU = Debug|Any CPU
		Release|Any CPU = Release|Any CPU
	EndGlobalSection
	GlobalSection(ProjectConfigurationPlatforms) = postSolution
		{F836BA54-060E-422B-A6F8-7F291551947A}.Debug|Any CPU.ActiveCfg = Debug|Any CPU
		{F836BA54-060E-422B-A6F8-7F291551947A}.Debug|Any CPU.Build.0 = Debug|Any CPU
		{F836BA54-060E-422B-A6F8-7F291551947A}.Release|Any CPU.ActiveCfg = Release|Any CPU
		{F836BA54-060E-422B-A6F8-7F291551947A}.Release|Any CPU.Build.0 = Release|Any CPU
		{871109B6-02D9-4AF8-88AF-FD7D9652C66C}.Debug|Any CPU.ActiveCfg = Debug|Any CPU
		{871109B6-02D9-4AF8-88AF-FD7D9652C66C}.Debug|Any CPU.Build.0 = Debug|Any CPU
		{871109B6-02D9-4AF8-88AF-FD7D9652C66C}.Release|Any CPU.ActiveCfg = Release|Any CPU
		{871109B6-02D9-4AF8-88AF-FD7D9652C66C}.Release|Any CPU.Build.0 = Release|Any CPU
	EndGlobalSection
	GlobalSection(SolutionProperties) = preSolution
		HideSolutionNode = FALSE
	EndGlobalSection
	GlobalSection(ExtensibilityGlobals) = postSolution
		SolutionGuid = {7E4855CA-2E8D-4E37-8E96-AC35F069A52F}
	EndGlobalSection
EndGlobal
